// !$*UTF8*$!
{
	archiveVersion = 1;
	classes = {
	};
	objectVersion = 50;
	objects = {

/* Begin PBXBuildFile section */
		A5652D7625AA29E000FACE43 /* MemoryCardGameApp.swift in Sources */ = {isa = PBXBuildFile; fileRef = A5652D7525AA29E000FACE43 /* MemoryCardGameApp.swift */; };
		A5652D7825AA29E000FACE43 /* GameView.swift in Sources */ = {isa = PBXBuildFile; fileRef = A5652D7725AA29E000FACE43 /* GameView.swift */; };
		A5652D7A25AA29E300FACE43 /* Assets.xcassets in Resources */ = {isa = PBXBuildFile; fileRef = A5652D7925AA29E300FACE43 /* Assets.xcassets */; };
		A5652D7D25AA29E300FACE43 /* Preview Assets.xcassets in Resources */ = {isa = PBXBuildFile; fileRef = A5652D7C25AA29E300FACE43 /* Preview Assets.xcassets */; };
		A5652D8625AB001100FACE43 /* MemoryGame.swift in Sources */ = {isa = PBXBuildFile; fileRef = A5652D8525AB001100FACE43 /* MemoryGame.swift */; };
		A5652D8925AB031A00FACE43 /* EmojiMemoryGame.swift in Sources */ = {isa = PBXBuildFile; fileRef = A5652D8825AB031A00FACE43 /* EmojiMemoryGame.swift */; };
		A59BE7C725AF2F580073B353 /* GridLayout.swift in Sources */ = {isa = PBXBuildFile; fileRef = A59BE7C625AF2F580073B353 /* GridLayout.swift */; };
		A59BE7CB25AF39D50073B353 /* Array + Utilities.swift in Sources */ = {isa = PBXBuildFile; fileRef = A59BE7CA25AF39D50073B353 /* Array + Utilities.swift */; };
		A59BE7D225AF9D260073B353 /* GameThemeView.swift in Sources */ = {isa = PBXBuildFile; fileRef = A59BE7D125AF9D260073B353 /* GameThemeView.swift */; };
		A5B8534525B38397001D70E5 /* View + Utilities.swift in Sources */ = {isa = PBXBuildFile; fileRef = A5B8534425B38397001D70E5 /* View + Utilities.swift */; };
		A5DD5DA925AEEFF500820467 /* Grid.swift in Sources */ = {isa = PBXBuildFile; fileRef = A5DD5DA825AEEFF500820467 /* Grid.swift */; };
/* End PBXBuildFile section */

/* Begin PBXFileReference section */
		A5652D7225AA29E000FACE43 /* MemoryCardGame.app */ = {isa = PBXFileReference; explicitFileType = wrapper.application; includeInIndex = 0; path = MemoryCardGame.app; sourceTree = BUILT_PRODUCTS_DIR; };
		A5652D7525AA29E000FACE43 /* MemoryCardGameApp.swift */ = {isa = PBXFileReference; lastKnownFileType = sourcecode.swift; path = MemoryCardGameApp.swift; sourceTree = "<group>"; };
		A5652D7725AA29E000FACE43 /* GameView.swift */ = {isa = PBXFileReference; lastKnownFileType = sourcecode.swift; path = GameView.swift; sourceTree = "<group>"; };
		A5652D7925AA29E300FACE43 /* Assets.xcassets */ = {isa = PBXFileReference; lastKnownFileType = folder.assetcatalog; path = Assets.xcassets; sourceTree = "<group>"; };
		A5652D7C25AA29E300FACE43 /* Preview Assets.xcassets */ = {isa = PBXFileReference; lastKnownFileType = folder.assetcatalog; path = "Preview Assets.xcassets"; sourceTree = "<group>"; };
		A5652D7E25AA29E300FACE43 /* Info.plist */ = {isa = PBXFileReference; lastKnownFileType = text.plist.xml; path = Info.plist; sourceTree = "<group>"; };
		A5652D8525AB001100FACE43 /* MemoryGame.swift */ = {isa = PBXFileReference; lastKnownFileType = sourcecode.swift; path = MemoryGame.swift; sourceTree = "<group>"; };
		A5652D8825AB031A00FACE43 /* EmojiMemoryGame.swift */ = {isa = PBXFileReference; lastKnownFileType = sourcecode.swift; path = EmojiMemoryGame.swift; sourceTree = "<group>"; };
		A59BE7C625AF2F580073B353 /* GridLayout.swift */ = {isa = PBXFileReference; fileEncoding = 4; lastKnownFileType = sourcecode.swift; path = GridLayout.swift; sourceTree = "<group>"; };
		A59BE7CA25AF39D50073B353 /* Array + Utilities.swift */ = {isa = PBXFileReference; lastKnownFileType = sourcecode.swift; path = "Array + Utilities.swift"; sourceTree = "<group>"; };
		A59BE7D125AF9D260073B353 /* GameThemeView.swift */ = {isa = PBXFileReference; lastKnownFileType = sourcecode.swift; path = GameThemeView.swift; sourceTree = "<group>"; };
		A5B8534425B38397001D70E5 /* View + Utilities.swift */ = {isa = PBXFileReference; lastKnownFileType = sourcecode.swift; path = "View + Utilities.swift"; sourceTree = "<group>"; };
		A5DD5DA825AEEFF500820467 /* Grid.swift */ = {isa = PBXFileReference; lastKnownFileType = sourcecode.swift; path = Grid.swift; sourceTree = "<group>"; };
/* End PBXFileReference section */

/* Begin PBXFrameworksBuildPhase section */
		A5652D6F25AA29E000FACE43 /* Frameworks */ = {
			isa = PBXFrameworksBuildPhase;
			buildActionMask = 2147483647;
			files = (
			);
			runOnlyForDeploymentPostprocessing = 0;
		};
/* End PBXFrameworksBuildPhase section */

/* Begin PBXGroup section */
		A5652D6925AA29E000FACE43 = {
			isa = PBXGroup;
			children = (
				A5652D7425AA29E000FACE43 /* MemoryCardGame */,
				A5652D7325AA29E000FACE43 /* Products */,
			);
			sourceTree = "<group>";
		};
		A5652D7325AA29E000FACE43 /* Products */ = {
			isa = PBXGroup;
			children = (
				A5652D7225AA29E000FACE43 /* MemoryCardGame.app */,
			);
			name = Products;
			sourceTree = "<group>";
		};
		A5652D7425AA29E000FACE43 /* MemoryCardGame */ = {
			isa = PBXGroup;
			children = (
				A5652D7525AA29E000FACE43 /* MemoryCardGameApp.swift */,
				A59BE7CE25AF9CBA0073B353 /* Views */,
				A59BE7D025AF9CEB0073B353 /* Model_ViewModel */,
				A59BE7C925AF39C20073B353 /* Utilities */,
				A5652D7925AA29E300FACE43 /* Assets.xcassets */,
				A5652D7E25AA29E300FACE43 /* Info.plist */,
				A5652D7B25AA29E300FACE43 /* Preview Content */,
			);
			path = MemoryCardGame;
			sourceTree = "<group>";
		};
		A5652D7B25AA29E300FACE43 /* Preview Content */ = {
			isa = PBXGroup;
			children = (
				A5652D7C25AA29E300FACE43 /* Preview Assets.xcassets */,
			);
			path = "Preview Content";
			sourceTree = "<group>";
		};
		A59BE7C925AF39C20073B353 /* Utilities */ = {
			isa = PBXGroup;
			children = (
				A59BE7CA25AF39D50073B353 /* Array + Utilities.swift */,
				A5B8534425B38397001D70E5 /* View + Utilities.swift */,
			);
			path = Utilities;
			sourceTree = "<group>";
		};
		A59BE7CE25AF9CBA0073B353 /* Views */ = {
			isa = PBXGroup;
			children = (
				A59BE7CF25AF9CDF0073B353 /* Grid */,
				A5652D7725AA29E000FACE43 /* GameView.swift */,
				A59BE7D125AF9D260073B353 /* GameThemeView.swift */,
			);
			path = Views;
			sourceTree = "<group>";
		};
		A59BE7CF25AF9CDF0073B353 /* Grid */ = {
			isa = PBXGroup;
			children = (
				A59BE7C625AF2F580073B353 /* GridLayout.swift */,
				A5DD5DA825AEEFF500820467 /* Grid.swift */,
			);
			path = Grid;
			sourceTree = "<group>";
		};
		A59BE7D025AF9CEB0073B353 /* Model_ViewModel */ = {
			isa = PBXGroup;
			children = (
				A5652D8525AB001100FACE43 /* MemoryGame.swift */,
				A5652D8825AB031A00FACE43 /* EmojiMemoryGame.swift */,
			);
			path = Model_ViewModel;
			sourceTree = "<group>";
		};
/* End PBXGroup section */

/* Begin PBXNativeTarget section */
		A5652D7125AA29E000FACE43 /* MemoryCardGame */ = {
			isa = PBXNativeTarget;
			buildConfigurationList = A5652D8125AA29E300FACE43 /* Build configuration list for PBXNativeTarget "MemoryCardGame" */;
			buildPhases = (
				A5652D6E25AA29E000FACE43 /* Sources */,
				A5652D6F25AA29E000FACE43 /* Frameworks */,
				A5652D7025AA29E000FACE43 /* Resources */,
			);
			buildRules = (
			);
			dependencies = (
			);
			name = MemoryCardGame;
			productName = MemoryCardGame;
			productReference = A5652D7225AA29E000FACE43 /* MemoryCardGame.app */;
			productType = "com.apple.product-type.application";
		};
/* End PBXNativeTarget section */

/* Begin PBXProject section */
		A5652D6A25AA29E000FACE43 /* Project object */ = {
			isa = PBXProject;
			attributes = {
				LastSwiftUpdateCheck = 1210;
				LastUpgradeCheck = 1210;
				TargetAttributes = {
					A5652D7125AA29E000FACE43 = {
						CreatedOnToolsVersion = 12.1;
					};
				};
			};
			buildConfigurationList = A5652D6D25AA29E000FACE43 /* Build configuration list for PBXProject "MemoryCardGame" */;
			compatibilityVersion = "Xcode 9.3";
			developmentRegion = en;
			hasScannedForEncodings = 0;
			knownRegions = (
				en,
				Base,
			);
			mainGroup = A5652D6925AA29E000FACE43;
			productRefGroup = A5652D7325AA29E000FACE43 /* Products */;
			projectDirPath = "";
			projectRoot = "";
			targets = (
				A5652D7125AA29E000FACE43 /* MemoryCardGame */,
			);
		};
/* End PBXProject section */

/* Begin PBXResourcesBuildPhase section */
		A5652D7025AA29E000FACE43 /* Resources */ = {
			isa = PBXResourcesBuildPhase;
			buildActionMask = 2147483647;
			files = (
				A5652D7D25AA29E300FACE43 /* Preview Assets.xcassets in Resources */,
				A5652D7A25AA29E300FACE43 /* Assets.xcassets in Resources */,
			);
			runOnlyForDeploymentPostprocessing = 0;
		};
/* End PBXResourcesBuildPhase section */

/* Begin PBXSourcesBuildPhase section */
		A5652D6E25AA29E000FACE43 /* Sources */ = {
			isa = PBXSourcesBuildPhase;
			buildActionMask = 2147483647;
			files = (
				A59BE7CB25AF39D50073B353 /* Array + Utilities.swift in Sources */,
				A5652D8625AB001100FACE43 /* MemoryGame.swift in Sources */,
				A5652D7825AA29E000FACE43 /* GameView.swift in Sources */,
				A5652D7625AA29E000FACE43 /* MemoryCardGameApp.swift in Sources */,
				A5B8534525B38397001D70E5 /* View + Utilities.swift in Sources */,
				A59BE7C725AF2F580073B353 /* GridLayout.swift in Sources */,
				A5DD5DA925AEEFF500820467 /* Grid.swift in Sources */,
				A59BE7D225AF9D260073B353 /* GameThemeView.swift in Sources */,
				A5652D8925AB031A00FACE43 /* EmojiMemoryGame.swift in Sources */,
			);
			runOnlyForDeploymentPostprocessing = 0;
		};
/* End PBXSourcesBuildPhase section */

/* Begin XCBuildConfiguration section */
		A5652D7F25AA29E300FACE43 /* Debug */ = {
			isa = XCBuildConfiguration;
			buildSettings = {
				ALWAYS_SEARCH_USER_PATHS = NO;
				CLANG_ANALYZER_NONNULL = YES;
				CLANG_ANALYZER_NUMBER_OBJECT_CONVERSION = YES_AGGRESSIVE;
				CLANG_CXX_LANGUAGE_STANDARD = "gnu++14";
				CLANG_CXX_LIBRARY = "libc++";
				CLANG_ENABLE_MODULES = YES;
				CLANG_ENABLE_OBJC_ARC = YES;
				CLANG_ENABLE_OBJC_WEAK = YES;
				CLANG_WARN_BLOCK_CAPTURE_AUTORELEASING = YES;
				CLANG_WARN_BOOL_CONVERSION = YES;
				CLANG_WARN_COMMA = YES;
				CLANG_WARN_CONSTANT_CONVERSION = YES;
				CLANG_WARN_DEPRECATED_OBJC_IMPLEMENTATIONS = YES;
				CLANG_WARN_DIRECT_OBJC_ISA_USAGE = YES_ERROR;
				CLANG_WARN_DOCUMENTATION_COMMENTS = YES;
				CLANG_WARN_EMPTY_BODY = YES;
				CLANG_WARN_ENUM_CONVERSION = YES;
				CLANG_WARN_INFINITE_RECURSION = YES;
				CLANG_WARN_INT_CONVERSION = YES;
				CLANG_WARN_NON_LITERAL_NULL_CONVERSION = YES;
				CLANG_WARN_OBJC_IMPLICIT_RETAIN_SELF = YES;
				CLANG_WARN_OBJC_LITERAL_CONVERSION = YES;
				CLANG_WARN_OBJC_ROOT_CLASS = YES_ERROR;
				CLANG_WARN_QUOTED_INCLUDE_IN_FRAMEWORK_HEADER = YES;
				CLANG_WARN_RANGE_LOOP_ANALYSIS = YES;
				CLANG_WARN_STRICT_PROTOTYPES = YES;
				CLANG_WARN_SUSPICIOUS_MOVE = YES;
				CLANG_WARN_UNGUARDED_AVAILABILITY = YES_AGGRESSIVE;
				CLANG_WARN_UNREACHABLE_CODE = YES;
				CLANG_WARN__DUPLICATE_METHOD_MATCH = YES;
				COPY_PHASE_STRIP = NO;
				DEBUG_INFORMATION_FORMAT = dwarf;
				ENABLE_STRICT_OBJC_MSGSEND = YES;
				ENABLE_TESTABILITY = YES;
				GCC_C_LANGUAGE_STANDARD = gnu11;
				GCC_DYNAMIC_NO_PIC = NO;
				GCC_NO_COMMON_BLOCKS = YES;
				GCC_OPTIMIZATION_LEVEL = 0;
				GCC_PREPROCESSOR_DEFINITIONS = (
					"DEBUG=1",
					"$(inherited)",
				);
				GCC_WARN_64_TO_32_BIT_CONVERSION = YES;
				GCC_WARN_ABOUT_RETURN_TYPE = YES_ERROR;
				GCC_WARN_UNDECLARED_SELECTOR = YES;
				GCC_WARN_UNINITIALIZED_AUTOS = YES_AGGRESSIVE;
				GCC_WARN_UNUSED_FUNCTION = YES;
				GCC_WARN_UNUSED_VARIABLE = YES;
				IPHONEOS_DEPLOYMENT_TARGET = 14.1;
				MTL_ENABLE_DEBUG_INFO = INCLUDE_SOURCE;
				MTL_FAST_MATH = YES;
				ONLY_ACTIVE_ARCH = YES;
				SDKROOT = iphoneos;
				SWIFT_ACTIVE_COMPILATION_CONDITIONS = DEBUG;
				SWIFT_OPTIMIZATION_LEVEL = "-Onone";
			};
			name = Debug;
		};
		A5652D8025AA29E300FACE43 /* Release */ = {
			isa = XCBuildConfiguration;
			buildSettings = {
				ALWAYS_SEARCH_USER_PATHS = NO;
				CLANG_ANALYZER_NONNULL = YES;
				CLANG_ANALYZER_NUMBER_OBJECT_CONVERSION = YES_AGGRESSIVE;
				CLANG_CXX_LANGUAGE_STANDARD = "gnu++14";
				CLANG_CXX_LIBRARY = "libc++";
				CLANG_ENABLE_MODULES = YES;
				CLANG_ENABLE_OBJC_ARC = YES;
				CLANG_ENABLE_OBJC_WEAK = YES;
				CLANG_WARN_BLOCK_CAPTURE_AUTORELEASING = YES;
				CLANG_WARN_BOOL_CONVERSION = YES;
				CLANG_WARN_COMMA = YES;
				CLANG_WARN_CONSTANT_CONVERSION = YES;
				CLANG_WARN_DEPRECATED_OBJC_IMPLEMENTATIONS = YES;
				CLANG_WARN_DIRECT_OBJC_ISA_USAGE = YES_ERROR;
				CLANG_WARN_DOCUMENTATION_COMMENTS = YES;
				CLANG_WARN_EMPTY_BODY = YES;
				CLANG_WARN_ENUM_CONVERSION = YES;
				CLANG_WARN_INFINITE_RECURSION = YES;
				CLANG_WARN_INT_CONVERSION = YES;
				CLANG_WARN_NON_LITERAL_NULL_CONVERSION = YES;
				CLANG_WARN_OBJC_IMPLICIT_RETAIN_SELF = YES;
				CLANG_WARN_OBJC_LITERAL_CONVERSION = YES;
				CLANG_WARN_OBJC_ROOT_CLASS = YES_ERROR;
				CLANG_WARN_QUOTED_INCLUDE_IN_FRAMEWORK_HEADER = YES;
				CLANG_WARN_RANGE_LOOP_ANALYSIS = YES;
				CLANG_WARN_STRICT_PROTOTYPES = YES;
				CLANG_WARN_SUSPICIOUS_MOVE = YES;
				CLANG_WARN_UNGUARDED_AVAILABILITY = YES_AGGRESSIVE;
				CLANG_WARN_UNREACHABLE_CODE = YES;
				CLANG_WARN__DUPLICATE_METHOD_MATCH = YES;
				COPY_PHASE_STRIP = NO;
				DEBUG_INFORMATION_FORMAT = "dwarf-with-dsym";
				ENABLE_NS_ASSERTIONS = NO;
				ENABLE_STRICT_OBJC_MSGSEND = YES;
				GCC_C_LANGUAGE_STANDARD = gnu11;
				GCC_NO_COMMON_BLOCKS = YES;
				GCC_WARN_64_TO_32_BIT_CONVERSION = YES;
				GCC_WARN_ABOUT_RETURN_TYPE = YES_ERROR;
				GCC_WARN_UNDECLARED_SELECTOR = YES;
				GCC_WARN_UNINITIALIZED_AUTOS = YES_AGGRESSIVE;
				GCC_WARN_UNUSED_FUNCTION = YES;
				GCC_WARN_UNUSED_VARIABLE = YES;
				IPHONEOS_DEPLOYMENT_TARGET = 14.1;
				MTL_ENABLE_DEBUG_INFO = NO;
				MTL_FAST_MATH = YES;
				SDKROOT = iphoneos;
				SWIFT_COMPILATION_MODE = wholemodule;
				SWIFT_OPTIMIZATION_LEVEL = "-O";
				VALIDATE_PRODUCT = YES;
			};
			name = Release;
		};
		A5652D8225AA29E300FACE43 /* Debug */ = {
			isa = XCBuildConfiguration;
			buildSettings = {
				ASSETCATALOG_COMPILER_APPICON_NAME = AppIcon;
				ASSETCATALOG_COMPILER_GLOBAL_ACCENT_COLOR_NAME = AccentColor;
				CODE_SIGN_STYLE = Automatic;
				DEVELOPMENT_ASSET_PATHS = "\"MemoryCardGame/Preview Content\"";
				DEVELOPMENT_TEAM = HUYT8H6334;
				ENABLE_PREVIEWS = YES;
				INFOPLIST_FILE = MemoryCardGame/Info.plist;
				IPHONEOS_DEPLOYMENT_TARGET = 14.0;
				LD_RUNPATH_SEARCH_PATHS = (
					"$(inherited)",
					"@executable_path/Frameworks",
				);
				PRODUCT_BUNDLE_IDENTIFIER = SashaCompany.MemoryCardGame;
				PRODUCT_NAME = "$(TARGET_NAME)";
				SWIFT_VERSION = 5.0;
				TARGETED_DEVICE_FAMILY = "1,2";
			};
			name = Debug;
		};
		A5652D8325AA29E300FACE43 /* Release */ = {
			isa = XCBuildConfiguration;
			buildSettings = {
				ASSETCATALOG_COMPILER_APPICON_NAME = AppIcon;
				ASSETCATALOG_COMPILER_GLOBAL_ACCENT_COLOR_NAME = AccentColor;
				CODE_SIGN_STYLE = Automatic;
				DEVELOPMENT_ASSET_PATHS = "\"MemoryCardGame/Preview Content\"";
				DEVELOPMENT_TEAM = HUYT8H6334;
				ENABLE_PREVIEWS = YES;
				INFOPLIST_FILE = MemoryCardGame/Info.plist;
				IPHONEOS_DEPLOYMENT_TARGET = 14.0;
				LD_RUNPATH_SEARCH_PATHS = (
					"$(inherited)",
					"@executable_path/Frameworks",
				);
				PRODUCT_BUNDLE_IDENTIFIER = SashaCompany.MemoryCardGame;
				PRODUCT_NAME = "$(TARGET_NAME)";
				SWIFT_VERSION = 5.0;
				TARGETED_DEVICE_FAMILY = "1,2";
			};
			name = Release;
		};
/* End XCBuildConfiguration section */

/* Begin XCConfigurationList section */
		A5652D6D25AA29E000FACE43 /* Build configuration list for PBXProject "MemoryCardGame" */ = {
			isa = XCConfigurationList;
			buildConfigurations = (
				A5652D7F25AA29E300FACE43 /* Debug */,
				A5652D8025AA29E300FACE43 /* Release */,
			);
			defaultConfigurationIsVisible = 0;
			defaultConfigurationName = Release;
		};
		A5652D8125AA29E300FACE43 /* Build configuration list for PBXNativeTarget "MemoryCardGame" */ = {
			isa = XCConfigurationList;
			buildConfigurations = (
				A5652D8225AA29E300FACE43 /* Debug */,
				A5652D8325AA29E300FACE43 /* Release */,
			);
			defaultConfigurationIsVisible = 0;
			defaultConfigurationName = Release;
		};
/* End XCConfigurationList section */
	};
	rootObject = A5652D6A25AA29E000FACE43 /* Project object */;
}
